// !$*UTF8*$!
{
	archiveVersion = 1;
	classes = {
	};
	objectVersion = 56;
	objects = {

/* Begin PBXBuildFile section */
		97E09A522970544C00DA0D3D /* AppDelegate.swift in Sources */ = {isa = PBXBuildFile; fileRef = 97E09A512970544C00DA0D3D /* AppDelegate.swift */; };
		97E09A542970544C00DA0D3D /* SceneDelegate.swift in Sources */ = {isa = PBXBuildFile; fileRef = 97E09A532970544C00DA0D3D /* SceneDelegate.swift */; };
		97E09A592970544C00DA0D3D /* Main.storyboard in Resources */ = {isa = PBXBuildFile; fileRef = 97E09A572970544C00DA0D3D /* Main.storyboard */; };
		97E09A5B2970544D00DA0D3D /* Assets.xcassets in Resources */ = {isa = PBXBuildFile; fileRef = 97E09A5A2970544D00DA0D3D /* Assets.xcassets */; };
		97E09A5E2970544D00DA0D3D /* LaunchScreen.storyboard in Resources */ = {isa = PBXBuildFile; fileRef = 97E09A5C2970544D00DA0D3D /* LaunchScreen.storyboard */; };
		97E09A672970563100DA0D3D /* Realm in Frameworks */ = {isa = PBXBuildFile; productRef = 97E09A662970563100DA0D3D /* Realm */; };
		97E09A692970563100DA0D3D /* RealmSwift in Frameworks */ = {isa = PBXBuildFile; productRef = 97E09A682970563100DA0D3D /* RealmSwift */; };
		97E09A6B2970564E00DA0D3D /* LoadingState.swift in Sources */ = {isa = PBXBuildFile; fileRef = 97E09A6A2970564E00DA0D3D /* LoadingState.swift */; };
		97E09A6D2970567400DA0D3D /* StateProvider.swift in Sources */ = {isa = PBXBuildFile; fileRef = 97E09A6C2970567400DA0D3D /* StateProvider.swift */; };
		97E09A6F2970568E00DA0D3D /* StateChanger.swift in Sources */ = {isa = PBXBuildFile; fileRef = 97E09A6E2970568E00DA0D3D /* StateChanger.swift */; };
		97E09A74297059F900DA0D3D /* ContactsViewController.swift in Sources */ = {isa = PBXBuildFile; fileRef = 97E09A72297059F900DA0D3D /* ContactsViewController.swift */; };
		97E09A7729705A4900DA0D3D /* UIViewController+Extension.swift in Sources */ = {isa = PBXBuildFile; fileRef = 97E09A7629705A4900DA0D3D /* UIViewController+Extension.swift */; };
		97E09A7929705B3200DA0D3D /* ContactListDataSource.swift in Sources */ = {isa = PBXBuildFile; fileRef = 97E09A7829705B3200DA0D3D /* ContactListDataSource.swift */; };
		97E09A7B29705B7500DA0D3D /* ContactViewModel.swift in Sources */ = {isa = PBXBuildFile; fileRef = 97E09A7A29705B7500DA0D3D /* ContactViewModel.swift */; };
		97E09A7E29705BAD00DA0D3D /* ContactListViewController.swift in Sources */ = {isa = PBXBuildFile; fileRef = 97E09A7C29705BAD00DA0D3D /* ContactListViewController.swift */; };
		97E09A8229705C0800DA0D3D /* EmptyContactsViewController.swift in Sources */ = {isa = PBXBuildFile; fileRef = 97E09A8029705C0800DA0D3D /* EmptyContactsViewController.swift */; };
		97E09A8629705C3A00DA0D3D /* DataLoadingViewController.swift in Sources */ = {isa = PBXBuildFile; fileRef = 97E09A8429705C3A00DA0D3D /* DataLoadingViewController.swift */; };
		97E09A8929705C5D00DA0D3D /* Contstants.swift in Sources */ = {isa = PBXBuildFile; fileRef = 97E09A8829705C5D00DA0D3D /* Contstants.swift */; };
		97E09A8B29705D0700DA0D3D /* Contacts.swift in Sources */ = {isa = PBXBuildFile; fileRef = 97E09A8A29705D0700DA0D3D /* Contacts.swift */; };
		97E09A8D29705D3900DA0D3D /* Utils.swift in Sources */ = {isa = PBXBuildFile; fileRef = 97E09A8C29705D3900DA0D3D /* Utils.swift */; };
		97E09A8F29705DD300DA0D3D /* DefaultFileManager.swift in Sources */ = {isa = PBXBuildFile; fileRef = 97E09A8E29705DD300DA0D3D /* DefaultFileManager.swift */; };
		97E09A912970601D00DA0D3D /* CompressQuality.swift in Sources */ = {isa = PBXBuildFile; fileRef = 97E09A902970601D00DA0D3D /* CompressQuality.swift */; };
		97E09A932970605700DA0D3D /* UIImage+Compress.swift in Sources */ = {isa = PBXBuildFile; fileRef = 97E09A922970605700DA0D3D /* UIImage+Compress.swift */; };
		97E09A99297149A600DA0D3D /* LoadingHandler.swift in Sources */ = {isa = PBXBuildFile; fileRef = 97E09A98297149A600DA0D3D /* LoadingHandler.swift */; };
		97E09AA029714A7400DA0D3D /* CustomSearchBarAdditionalDelegate.swift in Sources */ = {isa = PBXBuildFile; fileRef = 97E09A9F29714A7400DA0D3D /* CustomSearchBarAdditionalDelegate.swift */; };
		97E09AA229714ADA00DA0D3D /* UIImage+Color.swift in Sources */ = {isa = PBXBuildFile; fileRef = 97E09AA129714ADA00DA0D3D /* UIImage+Color.swift */; };
		97E09AA429714B1300DA0D3D /* UIColor+Radii.swift in Sources */ = {isa = PBXBuildFile; fileRef = 97E09AA329714B1300DA0D3D /* UIColor+Radii.swift */; };
		97E09AA729714BBC00DA0D3D /* CustomSearchBar.swift in Sources */ = {isa = PBXBuildFile; fileRef = 97E09AA629714BBC00DA0D3D /* CustomSearchBar.swift */; };
		97E09AA929714C1A00DA0D3D /* Dynamic.swift in Sources */ = {isa = PBXBuildFile; fileRef = 97E09AA829714C1A00DA0D3D /* Dynamic.swift */; };
		97E09AAB29714C7000DA0D3D /* String+Extension.swift in Sources */ = {isa = PBXBuildFile; fileRef = 97E09AAA29714C7000DA0D3D /* String+Extension.swift */; };
		97E09AAD29714CCF00DA0D3D /* Collection+Extension.swift in Sources */ = {isa = PBXBuildFile; fileRef = 97E09AAC29714CCF00DA0D3D /* Collection+Extension.swift */; };
		97E09AAF29714DF500DA0D3D /* Realm+Changes.swift in Sources */ = {isa = PBXBuildFile; fileRef = 97E09AAE29714DF500DA0D3D /* Realm+Changes.swift */; };
		97E09AB129714E0A00DA0D3D /* Realm+SafeWrite.swift in Sources */ = {isa = PBXBuildFile; fileRef = 97E09AB029714E0A00DA0D3D /* Realm+SafeWrite.swift */; };
		97E09AB329714E2600DA0D3D /* Realm+WriteAsync.swift in Sources */ = {isa = PBXBuildFile; fileRef = 97E09AB229714E2600DA0D3D /* Realm+WriteAsync.swift */; };
		97E09AB529714E3900DA0D3D /* Realm+Conv.swift in Sources */ = {isa = PBXBuildFile; fileRef = 97E09AB429714E3900DA0D3D /* Realm+Conv.swift */; };
		97E09AB729714EAD00DA0D3D /* ContactTableViewCell.swift in Sources */ = {isa = PBXBuildFile; fileRef = 97E09AB629714EAD00DA0D3D /* ContactTableViewCell.swift */; };
		97E09AC62971514A00DA0D3D /* UIViewController+Keyboard.swift in Sources */ = {isa = PBXBuildFile; fileRef = 97E09AC52971514A00DA0D3D /* UIViewController+Keyboard.swift */; };
		97E09AC82971522C00DA0D3D /* DataBaseManager.swift in Sources */ = {isa = PBXBuildFile; fileRef = 97E09AC72971522C00DA0D3D /* DataBaseManager.swift */; };
		97E09ACD2971527000DA0D3D /* BeyondTheThread.m in Sources */ = {isa = PBXBuildFile; fileRef = 97E09ACA2971526F00DA0D3D /* BeyondTheThread.m */; };
		97E09ACE2971527000DA0D3D /* BackgroundThread.swift in Sources */ = {isa = PBXBuildFile; fileRef = 97E09ACC2971527000DA0D3D /* BackgroundThread.swift */; };
		97E1EAF92971537C00FB3B4F /* ContactTableViewCell.xib in Resources */ = {isa = PBXBuildFile; fileRef = 97E1EAF52971537C00FB3B4F /* ContactTableViewCell.xib */; };
		97E1EAFA2971537C00FB3B4F /* EmptyContactsViewController.xib in Resources */ = {isa = PBXBuildFile; fileRef = 97E1EAF62971537C00FB3B4F /* EmptyContactsViewController.xib */; };
		97E1EAFB2971537C00FB3B4F /* ContactsViewController.xib in Resources */ = {isa = PBXBuildFile; fileRef = 97E1EAF72971537C00FB3B4F /* ContactsViewController.xib */; };
		97E1EAFC2971537C00FB3B4F /* ContactsListViewController.xib in Resources */ = {isa = PBXBuildFile; fileRef = 97E1EAF82971537C00FB3B4F /* ContactsListViewController.xib */; };
/* End PBXBuildFile section */

/* Begin PBXFileReference section */
		97E09A4E2970544C00DA0D3D /* Loading State.app */ = {isa = PBXFileReference; explicitFileType = wrapper.application; includeInIndex = 0; path = "Loading State.app"; sourceTree = BUILT_PRODUCTS_DIR; };
		97E09A512970544C00DA0D3D /* AppDelegate.swift */ = {isa = PBXFileReference; lastKnownFileType = sourcecode.swift; path = AppDelegate.swift; sourceTree = "<group>"; };
		97E09A532970544C00DA0D3D /* SceneDelegate.swift */ = {isa = PBXFileReference; lastKnownFileType = sourcecode.swift; path = SceneDelegate.swift; sourceTree = "<group>"; };
		97E09A582970544C00DA0D3D /* Base */ = {isa = PBXFileReference; lastKnownFileType = file.storyboard; name = Base; path = Base.lproj/Main.storyboard; sourceTree = "<group>"; };
		97E09A5A2970544D00DA0D3D /* Assets.xcassets */ = {isa = PBXFileReference; lastKnownFileType = folder.assetcatalog; path = Assets.xcassets; sourceTree = "<group>"; };
		97E09A5D2970544D00DA0D3D /* Base */ = {isa = PBXFileReference; lastKnownFileType = file.storyboard; name = Base; path = Base.lproj/LaunchScreen.storyboard; sourceTree = "<group>"; };
		97E09A5F2970544D00DA0D3D /* Info.plist */ = {isa = PBXFileReference; lastKnownFileType = text.plist.xml; path = Info.plist; sourceTree = "<group>"; };
		97E09A6A2970564E00DA0D3D /* LoadingState.swift */ = {isa = PBXFileReference; lastKnownFileType = sourcecode.swift; path = LoadingState.swift; sourceTree = "<group>"; };
		97E09A6C2970567400DA0D3D /* StateProvider.swift */ = {isa = PBXFileReference; lastKnownFileType = sourcecode.swift; path = StateProvider.swift; sourceTree = "<group>"; };
		97E09A6E2970568E00DA0D3D /* StateChanger.swift */ = {isa = PBXFileReference; lastKnownFileType = sourcecode.swift; path = StateChanger.swift; sourceTree = "<group>"; };
		97E09A72297059F900DA0D3D /* ContactsViewController.swift */ = {isa = PBXFileReference; lastKnownFileType = sourcecode.swift; path = ContactsViewController.swift; sourceTree = "<group>"; };
		97E09A7629705A4900DA0D3D /* UIViewController+Extension.swift */ = {isa = PBXFileReference; lastKnownFileType = sourcecode.swift; path = "UIViewController+Extension.swift"; sourceTree = "<group>"; };
		97E09A7829705B3200DA0D3D /* ContactListDataSource.swift */ = {isa = PBXFileReference; lastKnownFileType = sourcecode.swift; path = ContactListDataSource.swift; sourceTree = "<group>"; };
		97E09A7A29705B7500DA0D3D /* ContactViewModel.swift */ = {isa = PBXFileReference; lastKnownFileType = sourcecode.swift; path = ContactViewModel.swift; sourceTree = "<group>"; };
		97E09A7C29705BAD00DA0D3D /* ContactListViewController.swift */ = {isa = PBXFileReference; lastKnownFileType = sourcecode.swift; path = ContactListViewController.swift; sourceTree = "<group>"; };
		97E09A8029705C0800DA0D3D /* EmptyContactsViewController.swift */ = {isa = PBXFileReference; lastKnownFileType = sourcecode.swift; path = EmptyContactsViewController.swift; sourceTree = "<group>"; };
		97E09A8429705C3A00DA0D3D /* DataLoadingViewController.swift */ = {isa = PBXFileReference; lastKnownFileType = sourcecode.swift; path = DataLoadingViewController.swift; sourceTree = "<group>"; };
		97E09A8829705C5D00DA0D3D /* Contstants.swift */ = {isa = PBXFileReference; lastKnownFileType = sourcecode.swift; path = Contstants.swift; sourceTree = "<group>"; };
		97E09A8A29705D0700DA0D3D /* Contacts.swift */ = {isa = PBXFileReference; lastKnownFileType = sourcecode.swift; path = Contacts.swift; sourceTree = "<group>"; };
		97E09A8C29705D3900DA0D3D /* Utils.swift */ = {isa = PBXFileReference; lastKnownFileType = sourcecode.swift; path = Utils.swift; sourceTree = "<group>"; };
		97E09A8E29705DD300DA0D3D /* DefaultFileManager.swift */ = {isa = PBXFileReference; lastKnownFileType = sourcecode.swift; path = DefaultFileManager.swift; sourceTree = "<group>"; };
		97E09A902970601D00DA0D3D /* CompressQuality.swift */ = {isa = PBXFileReference; lastKnownFileType = sourcecode.swift; path = CompressQuality.swift; sourceTree = "<group>"; };
		97E09A922970605700DA0D3D /* UIImage+Compress.swift */ = {isa = PBXFileReference; lastKnownFileType = sourcecode.swift; path = "UIImage+Compress.swift"; sourceTree = "<group>"; };
		97E09A98297149A600DA0D3D /* LoadingHandler.swift */ = {isa = PBXFileReference; lastKnownFileType = sourcecode.swift; path = LoadingHandler.swift; sourceTree = "<group>"; };
		97E09A9F29714A7400DA0D3D /* CustomSearchBarAdditionalDelegate.swift */ = {isa = PBXFileReference; lastKnownFileType = sourcecode.swift; path = CustomSearchBarAdditionalDelegate.swift; sourceTree = "<group>"; };
		97E09AA129714ADA00DA0D3D /* UIImage+Color.swift */ = {isa = PBXFileReference; lastKnownFileType = sourcecode.swift; path = "UIImage+Color.swift"; sourceTree = "<group>"; };
		97E09AA329714B1300DA0D3D /* UIColor+Radii.swift */ = {isa = PBXFileReference; lastKnownFileType = sourcecode.swift; path = "UIColor+Radii.swift"; sourceTree = "<group>"; };
		97E09AA629714BBC00DA0D3D /* CustomSearchBar.swift */ = {isa = PBXFileReference; lastKnownFileType = sourcecode.swift; path = CustomSearchBar.swift; sourceTree = "<group>"; };
		97E09AA829714C1A00DA0D3D /* Dynamic.swift */ = {isa = PBXFileReference; lastKnownFileType = sourcecode.swift; path = Dynamic.swift; sourceTree = "<group>"; };
		97E09AAA29714C7000DA0D3D /* String+Extension.swift */ = {isa = PBXFileReference; lastKnownFileType = sourcecode.swift; path = "String+Extension.swift"; sourceTree = "<group>"; };
		97E09AAC29714CCF00DA0D3D /* Collection+Extension.swift */ = {isa = PBXFileReference; lastKnownFileType = sourcecode.swift; path = "Collection+Extension.swift"; sourceTree = "<group>"; };
		97E09AAE29714DF500DA0D3D /* Realm+Changes.swift */ = {isa = PBXFileReference; lastKnownFileType = sourcecode.swift; path = "Realm+Changes.swift"; sourceTree = "<group>"; };
		97E09AB029714E0A00DA0D3D /* Realm+SafeWrite.swift */ = {isa = PBXFileReference; lastKnownFileType = sourcecode.swift; path = "Realm+SafeWrite.swift"; sourceTree = "<group>"; };
		97E09AB229714E2600DA0D3D /* Realm+WriteAsync.swift */ = {isa = PBXFileReference; lastKnownFileType = sourcecode.swift; path = "Realm+WriteAsync.swift"; sourceTree = "<group>"; };
		97E09AB429714E3900DA0D3D /* Realm+Conv.swift */ = {isa = PBXFileReference; lastKnownFileType = sourcecode.swift; path = "Realm+Conv.swift"; sourceTree = "<group>"; };
		97E09AB629714EAD00DA0D3D /* ContactTableViewCell.swift */ = {isa = PBXFileReference; fileEncoding = 4; lastKnownFileType = sourcecode.swift; path = ContactTableViewCell.swift; sourceTree = "<group>"; };
		97E09AC52971514A00DA0D3D /* UIViewController+Keyboard.swift */ = {isa = PBXFileReference; lastKnownFileType = sourcecode.swift; path = "UIViewController+Keyboard.swift"; sourceTree = "<group>"; };
		97E09AC72971522C00DA0D3D /* DataBaseManager.swift */ = {isa = PBXFileReference; lastKnownFileType = sourcecode.swift; path = DataBaseManager.swift; sourceTree = "<group>"; };
		97E09AC92971526F00DA0D3D /* Loading State-Bridging-Header.h */ = {isa = PBXFileReference; lastKnownFileType = sourcecode.c.h; path = "Loading State-Bridging-Header.h"; sourceTree = "<group>"; };
		97E09ACA2971526F00DA0D3D /* BeyondTheThread.m */ = {isa = PBXFileReference; fileEncoding = 4; lastKnownFileType = sourcecode.c.objc; path = BeyondTheThread.m; sourceTree = "<group>"; };
		97E09ACB2971526F00DA0D3D /* BeyondTheThread.h */ = {isa = PBXFileReference; fileEncoding = 4; lastKnownFileType = sourcecode.c.h; path = BeyondTheThread.h; sourceTree = "<group>"; };
		97E09ACC2971527000DA0D3D /* BackgroundThread.swift */ = {isa = PBXFileReference; fileEncoding = 4; lastKnownFileType = sourcecode.swift; path = BackgroundThread.swift; sourceTree = "<group>"; };
		97E1EAF52971537C00FB3B4F /* ContactTableViewCell.xib */ = {isa = PBXFileReference; fileEncoding = 4; lastKnownFileType = file.xib; path = ContactTableViewCell.xib; sourceTree = "<group>"; };
		97E1EAF62971537C00FB3B4F /* EmptyContactsViewController.xib */ = {isa = PBXFileReference; fileEncoding = 4; lastKnownFileType = file.xib; path = EmptyContactsViewController.xib; sourceTree = "<group>"; };
		97E1EAF72971537C00FB3B4F /* ContactsViewController.xib */ = {isa = PBXFileReference; fileEncoding = 4; lastKnownFileType = file.xib; path = ContactsViewController.xib; sourceTree = "<group>"; };
		97E1EAF82971537C00FB3B4F /* ContactsListViewController.xib */ = {isa = PBXFileReference; fileEncoding = 4; lastKnownFileType = file.xib; path = ContactsListViewController.xib; sourceTree = "<group>"; };
/* End PBXFileReference section */

/* Begin PBXFrameworksBuildPhase section */
		97E09A4B2970544C00DA0D3D /* Frameworks */ = {
			isa = PBXFrameworksBuildPhase;
			buildActionMask = 2147483647;
			files = (
				97E09A692970563100DA0D3D /* RealmSwift in Frameworks */,
				97E09A672970563100DA0D3D /* Realm in Frameworks */,
			);
			runOnlyForDeploymentPostprocessing = 0;
		};
/* End PBXFrameworksBuildPhase section */

/* Begin PBXGroup section */
		97E09A452970544C00DA0D3D = {
			isa = PBXGroup;
			children = (
				97E09A502970544C00DA0D3D /* Loading State */,
				97E09A4F2970544C00DA0D3D /* Products */,
			);
			sourceTree = "<group>";
		};
		97E09A4F2970544C00DA0D3D /* Products */ = {
			isa = PBXGroup;
			children = (
				97E09A4E2970544C00DA0D3D /* Loading State.app */,
			);
			name = Products;
			sourceTree = "<group>";
		};
		97E09A502970544C00DA0D3D /* Loading State */ = {
			isa = PBXGroup;
			children = (
				97E09AD1297152B600DA0D3D /* Application */,
				97E09A5A2970544D00DA0D3D /* Assets.xcassets */,
				97E09A5F2970544D00DA0D3D /* Info.plist */,
				97E1EAFE2971539E00FB3B4F /* ViewModel */,
				97E1EAFD2971539300FB3B4F /* DataSource */,
				97E09AC429714F6400DA0D3D /* Controllers */,
				97E09A70297056A000DA0D3D /* Coordinator */,
				97E09AC229714F4400DA0D3D /* Helper */,
				97E09A942970606800DA0D3D /* FileManager */,
				97E09A952970607600DA0D3D /* Extension */,
				97E09A962970608000DA0D3D /* Utils */,
				97E09A972970609300DA0D3D /* Models */,
				97E09AD0297152AA00DA0D3D /* Storyboard */,
				97E09AD2297152E000DA0D3D /* Views */,
			);
			path = "Loading State";
			sourceTree = "<group>";
		};
		97E09A70297056A000DA0D3D /* Coordinator */ = {
			isa = PBXGroup;
			children = (
				97E09A71297056AB00DA0D3D /* State */,
				97E09AC329714F4E00DA0D3D /* LoadingHandler */,
			);
			path = Coordinator;
			sourceTree = "<group>";
		};
		97E09A71297056AB00DA0D3D /* State */ = {
			isa = PBXGroup;
			children = (
				97E09A6A2970564E00DA0D3D /* LoadingState.swift */,
				97E09A6C2970567400DA0D3D /* StateProvider.swift */,
				97E09A6E2970568E00DA0D3D /* StateChanger.swift */,
			);
			path = State;
			sourceTree = "<group>";
		};
		97E09A942970606800DA0D3D /* FileManager */ = {
			isa = PBXGroup;
			children = (
				97E09A8E29705DD300DA0D3D /* DefaultFileManager.swift */,
			);
			path = FileManager;
			sourceTree = "<group>";
		};
		97E09A952970607600DA0D3D /* Extension */ = {
			isa = PBXGroup;
			children = (
				97E09AAA29714C7000DA0D3D /* String+Extension.swift */,
				97E09AAC29714CCF00DA0D3D /* Collection+Extension.swift */,
				97E09A7629705A4900DA0D3D /* UIViewController+Extension.swift */,
				97E09A922970605700DA0D3D /* UIImage+Compress.swift */,
				97E09AA129714ADA00DA0D3D /* UIImage+Color.swift */,
				97E09AA329714B1300DA0D3D /* UIColor+Radii.swift */,
				97E09AAE29714DF500DA0D3D /* Realm+Changes.swift */,
				97E09AB029714E0A00DA0D3D /* Realm+SafeWrite.swift */,
				97E09AB229714E2600DA0D3D /* Realm+WriteAsync.swift */,
				97E09AB429714E3900DA0D3D /* Realm+Conv.swift */,
				97E09AC52971514A00DA0D3D /* UIViewController+Keyboard.swift */,
			);
			path = Extension;
			sourceTree = "<group>";
		};
		97E09A962970608000DA0D3D /* Utils */ = {
			isa = PBXGroup;
			children = (
				97E09ACF2971527C00DA0D3D /* Thread */,
				97E09A8C29705D3900DA0D3D /* Utils.swift */,
				97E09A902970601D00DA0D3D /* CompressQuality.swift */,
			);
			path = Utils;
			sourceTree = "<group>";
		};
		97E09A972970609300DA0D3D /* Models */ = {
			isa = PBXGroup;
			children = (
				97E09A8A29705D0700DA0D3D /* Contacts.swift */,
			);
			path = Models;
			sourceTree = "<group>";
		};
		97E09A9A297149ED00DA0D3D /* DataLoiading */ = {
			isa = PBXGroup;
			children = (
				97E09A8429705C3A00DA0D3D /* DataLoadingViewController.swift */,
			);
			path = DataLoiading;
			sourceTree = "<group>";
		};
		97E09A9B29714A0300DA0D3D /* EmptyContacts */ = {
			isa = PBXGroup;
			children = (
				97E09A8029705C0800DA0D3D /* EmptyContactsViewController.swift */,
			);
			path = EmptyContacts;
			sourceTree = "<group>";
		};
		97E09A9C29714A1100DA0D3D /* ContactsList */ = {
			isa = PBXGroup;
			children = (
				97E09A7C29705BAD00DA0D3D /* ContactListViewController.swift */,
			);
			path = ContactsList;
			sourceTree = "<group>";
		};
		97E09AA529714B2F00DA0D3D /* CustomSearchBar */ = {
			isa = PBXGroup;
			children = (
				97E09A9F29714A7400DA0D3D /* CustomSearchBarAdditionalDelegate.swift */,
				97E09AA629714BBC00DA0D3D /* CustomSearchBar.swift */,
				97E09ACC2971527000DA0D3D /* BackgroundThread.swift */,
			);
			path = CustomSearchBar;
			sourceTree = "<group>";
		};
		97E09AC029714F1E00DA0D3D /* Dynamic */ = {
			isa = PBXGroup;
			children = (
				97E09AA829714C1A00DA0D3D /* Dynamic.swift */,
			);
			path = Dynamic;
			sourceTree = "<group>";
		};
		97E09AC229714F4400DA0D3D /* Helper */ = {
			isa = PBXGroup;
			children = (
				97E09AC029714F1E00DA0D3D /* Dynamic */,
				97E09A8829705C5D00DA0D3D /* Contstants.swift */,
			);
			path = Helper;
			sourceTree = "<group>";
		};
		97E09AC329714F4E00DA0D3D /* LoadingHandler */ = {
			isa = PBXGroup;
			children = (
				97E09A98297149A600DA0D3D /* LoadingHandler.swift */,
			);
			path = LoadingHandler;
			sourceTree = "<group>";
		};
		97E09AC429714F6400DA0D3D /* Controllers */ = {
			isa = PBXGroup;
			children = (
				97E09A72297059F900DA0D3D /* ContactsViewController.swift */,
				97E09AC72971522C00DA0D3D /* DataBaseManager.swift */,
				97E09A9C29714A1100DA0D3D /* ContactsList */,
				97E09A9B29714A0300DA0D3D /* EmptyContacts */,
				97E09A9A297149ED00DA0D3D /* DataLoiading */,
			);
			path = Controllers;
			sourceTree = "<group>";
		};
		97E09ACF2971527C00DA0D3D /* Thread */ = {
			isa = PBXGroup;
			children = (
				97E09ACB2971526F00DA0D3D /* BeyondTheThread.h */,
				97E09ACA2971526F00DA0D3D /* BeyondTheThread.m */,
				97E09AC92971526F00DA0D3D /* Loading State-Bridging-Header.h */,
			);
			path = Thread;
			sourceTree = "<group>";
		};
		97E09AD0297152AA00DA0D3D /* Storyboard */ = {
			isa = PBXGroup;
			children = (
				97E09A572970544C00DA0D3D /* Main.storyboard */,
				97E09A5C2970544D00DA0D3D /* LaunchScreen.storyboard */,
			);
			path = Storyboard;
			sourceTree = "<group>";
		};
		97E09AD1297152B600DA0D3D /* Application */ = {
			isa = PBXGroup;
			children = (
				97E09A512970544C00DA0D3D /* AppDelegate.swift */,
				97E09A532970544C00DA0D3D /* SceneDelegate.swift */,
			);
			path = Application;
			sourceTree = "<group>";
		};
		97E09AD2297152E000DA0D3D /* Views */ = {
			isa = PBXGroup;
			children = (
				97E1EAFF297153D700FB3B4F /* Cell */,
				97E1EAF42971537C00FB3B4F /* Xibs */,
				97E09AA529714B2F00DA0D3D /* CustomSearchBar */,
			);
			path = Views;
			sourceTree = "<group>";
		};
		97E1EAF42971537C00FB3B4F /* Xibs */ = {
			isa = PBXGroup;
			children = (
				97E1EAF52971537C00FB3B4F /* ContactTableViewCell.xib */,
				97E1EAF62971537C00FB3B4F /* EmptyContactsViewController.xib */,
				97E1EAF72971537C00FB3B4F /* ContactsViewController.xib */,
				97E1EAF82971537C00FB3B4F /* ContactsListViewController.xib */,
			);
			name = Xibs;
			path = "Loading State/Xibs";
			sourceTree = SOURCE_ROOT;
		};
		97E1EAFD2971539300FB3B4F /* DataSource */ = {
			isa = PBXGroup;
			children = (
				97E09A7829705B3200DA0D3D /* ContactListDataSource.swift */,
			);
			path = DataSource;
			sourceTree = "<group>";
		};
		97E1EAFE2971539E00FB3B4F /* ViewModel */ = {
			isa = PBXGroup;
			children = (
				97E09A7A29705B7500DA0D3D /* ContactViewModel.swift */,
			);
			path = ViewModel;
			sourceTree = "<group>";
		};
		97E1EAFF297153D700FB3B4F /* Cell */ = {
			isa = PBXGroup;
			children = (
				97E09AB629714EAD00DA0D3D /* ContactTableViewCell.swift */,
			);
			path = Cell;
			sourceTree = "<group>";
		};
/* End PBXGroup section */

/* Begin PBXNativeTarget section */
		97E09A4D2970544C00DA0D3D /* Loading State */ = {
			isa = PBXNativeTarget;
			buildConfigurationList = 97E09A622970544D00DA0D3D /* Build configuration list for PBXNativeTarget "Loading State" */;
			buildPhases = (
				97E09A4A2970544C00DA0D3D /* Sources */,
				97E09A4B2970544C00DA0D3D /* Frameworks */,
				97E09A4C2970544C00DA0D3D /* Resources */,
			);
			buildRules = (
			);
			dependencies = (
			);
			name = "Loading State";
			packageProductDependencies = (
				97E09A662970563100DA0D3D /* Realm */,
				97E09A682970563100DA0D3D /* RealmSwift */,
			);
			productName = "Loading State";
			productReference = 97E09A4E2970544C00DA0D3D /* Loading State.app */;
			productType = "com.apple.product-type.application";
		};
/* End PBXNativeTarget section */

/* Begin PBXProject section */
		97E09A462970544C00DA0D3D /* Project object */ = {
			isa = PBXProject;
			attributes = {
				BuildIndependentTargetsInParallel = 1;
				LastSwiftUpdateCheck = 1400;
				LastUpgradeCheck = 1400;
				TargetAttributes = {
					97E09A4D2970544C00DA0D3D = {
						CreatedOnToolsVersion = 14.0.1;
						LastSwiftMigration = 1400;
					};
				};
			};
			buildConfigurationList = 97E09A492970544C00DA0D3D /* Build configuration list for PBXProject "Loading State" */;
			compatibilityVersion = "Xcode 14.0";
			developmentRegion = en;
			hasScannedForEncodings = 0;
			knownRegions = (
				en,
				Base,
			);
			mainGroup = 97E09A452970544C00DA0D3D;
			packageReferences = (
				97E09A652970563100DA0D3D /* XCRemoteSwiftPackageReference "realm-swift" */,
			);
			productRefGroup = 97E09A4F2970544C00DA0D3D /* Products */;
			projectDirPath = "";
			projectRoot = "";
			targets = (
				97E09A4D2970544C00DA0D3D /* Loading State */,
			);
		};
/* End PBXProject section */

/* Begin PBXResourcesBuildPhase section */
		97E09A4C2970544C00DA0D3D /* Resources */ = {
			isa = PBXResourcesBuildPhase;
			buildActionMask = 2147483647;
			files = (
				97E1EAF92971537C00FB3B4F /* ContactTableViewCell.xib in Resources */,
				97E1EAFB2971537C00FB3B4F /* ContactsViewController.xib in Resources */,
				97E09A5E2970544D00DA0D3D /* LaunchScreen.storyboard in Resources */,
				97E1EAFA2971537C00FB3B4F /* EmptyContactsViewController.xib in Resources */,
				97E1EAFC2971537C00FB3B4F /* ContactsListViewController.xib in Resources */,
				97E09A5B2970544D00DA0D3D /* Assets.xcassets in Resources */,
				97E09A592970544C00DA0D3D /* Main.storyboard in Resources */,
			);
			runOnlyForDeploymentPostprocessing = 0;
		};
/* End PBXResourcesBuildPhase section */

/* Begin PBXSourcesBuildPhase section */
		97E09A4A2970544C00DA0D3D /* Sources */ = {
			isa = PBXSourcesBuildPhase;
			buildActionMask = 2147483647;
			files = (
				97E09A7929705B3200DA0D3D /* ContactListDataSource.swift in Sources */,
				97E09A7729705A4900DA0D3D /* UIViewController+Extension.swift in Sources */,
				97E09A8F29705DD300DA0D3D /* DefaultFileManager.swift in Sources */,
				97E09A6D2970567400DA0D3D /* StateProvider.swift in Sources */,
				97E09AB729714EAD00DA0D3D /* ContactTableViewCell.swift in Sources */,
				97E09A8629705C3A00DA0D3D /* DataLoadingViewController.swift in Sources */,
				97E09ACD2971527000DA0D3D /* BeyondTheThread.m in Sources */,
				97E09A74297059F900DA0D3D /* ContactsViewController.swift in Sources */,
				97E09AAB29714C7000DA0D3D /* String+Extension.swift in Sources */,
				97E09A6B2970564E00DA0D3D /* LoadingState.swift in Sources */,
				97E09A932970605700DA0D3D /* UIImage+Compress.swift in Sources */,
				97E09AC82971522C00DA0D3D /* DataBaseManager.swift in Sources */,
				97E09A8D29705D3900DA0D3D /* Utils.swift in Sources */,
				97E09AA229714ADA00DA0D3D /* UIImage+Color.swift in Sources */,
				97E09AA929714C1A00DA0D3D /* Dynamic.swift in Sources */,
				97E09A912970601D00DA0D3D /* CompressQuality.swift in Sources */,
				97E09ACE2971527000DA0D3D /* BackgroundThread.swift in Sources */,
				97E09A99297149A600DA0D3D /* LoadingHandler.swift in Sources */,
				97E09AAF29714DF500DA0D3D /* Realm+Changes.swift in Sources */,
				97E09AA029714A7400DA0D3D /* CustomSearchBarAdditionalDelegate.swift in Sources */,
				97E09AA729714BBC00DA0D3D /* CustomSearchBar.swift in Sources */,
				97E09AB329714E2600DA0D3D /* Realm+WriteAsync.swift in Sources */,
				97E09AC62971514A00DA0D3D /* UIViewController+Keyboard.swift in Sources */,
				97E09A522970544C00DA0D3D /* AppDelegate.swift in Sources */,
				97E09A8229705C0800DA0D3D /* EmptyContactsViewController.swift in Sources */,
				97E09A7B29705B7500DA0D3D /* ContactViewModel.swift in Sources */,
				97E09A6F2970568E00DA0D3D /* StateChanger.swift in Sources */,
				97E09A542970544C00DA0D3D /* SceneDelegate.swift in Sources */,
				97E09A8929705C5D00DA0D3D /* Contstants.swift in Sources */,
				97E09A7E29705BAD00DA0D3D /* ContactListViewController.swift in Sources */,
				97E09AB529714E3900DA0D3D /* Realm+Conv.swift in Sources */,
				97E09A8B29705D0700DA0D3D /* Contacts.swift in Sources */,
				97E09AAD29714CCF00DA0D3D /* Collection+Extension.swift in Sources */,
				97E09AA429714B1300DA0D3D /* UIColor+Radii.swift in Sources */,
				97E09AB129714E0A00DA0D3D /* Realm+SafeWrite.swift in Sources */,
			);
			runOnlyForDeploymentPostprocessing = 0;
		};
/* End PBXSourcesBuildPhase section */

/* Begin PBXVariantGroup section */
		97E09A572970544C00DA0D3D /* Main.storyboard */ = {
			isa = PBXVariantGroup;
			children = (
				97E09A582970544C00DA0D3D /* Base */,
			);
			name = Main.storyboard;
			sourceTree = "<group>";
		};
		97E09A5C2970544D00DA0D3D /* LaunchScreen.storyboard */ = {
			isa = PBXVariantGroup;
			children = (
				97E09A5D2970544D00DA0D3D /* Base */,
			);
			name = LaunchScreen.storyboard;
			sourceTree = "<group>";
		};
/* End PBXVariantGroup section */

/* Begin XCBuildConfiguration section */
		97E09A602970544D00DA0D3D /* Debug */ = {
			isa = XCBuildConfiguration;
			buildSettings = {
				ALWAYS_SEARCH_USER_PATHS = NO;
				CLANG_ANALYZER_NONNULL = YES;
				CLANG_ANALYZER_NUMBER_OBJECT_CONVERSION = YES_AGGRESSIVE;
				CLANG_CXX_LANGUAGE_STANDARD = "gnu++20";
				CLANG_ENABLE_MODULES = YES;
				CLANG_ENABLE_OBJC_ARC = YES;
				CLANG_ENABLE_OBJC_WEAK = YES;
				CLANG_WARN_BLOCK_CAPTURE_AUTORELEASING = YES;
				CLANG_WARN_BOOL_CONVERSION = YES;
				CLANG_WARN_COMMA = YES;
				CLANG_WARN_CONSTANT_CONVERSION = YES;
				CLANG_WARN_DEPRECATED_OBJC_IMPLEMENTATIONS = YES;
				CLANG_WARN_DIRECT_OBJC_ISA_USAGE = YES_ERROR;
				CLANG_WARN_DOCUMENTATION_COMMENTS = YES;
				CLANG_WARN_EMPTY_BODY = YES;
				CLANG_WARN_ENUM_CONVERSION = YES;
				CLANG_WARN_INFINITE_RECURSION = YES;
				CLANG_WARN_INT_CONVERSION = YES;
				CLANG_WARN_NON_LITERAL_NULL_CONVERSION = YES;
				CLANG_WARN_OBJC_IMPLICIT_RETAIN_SELF = YES;
				CLANG_WARN_OBJC_LITERAL_CONVERSION = YES;
				CLANG_WARN_OBJC_ROOT_CLASS = YES_ERROR;
				CLANG_WARN_QUOTED_INCLUDE_IN_FRAMEWORK_HEADER = YES;
				CLANG_WARN_RANGE_LOOP_ANALYSIS = YES;
				CLANG_WARN_STRICT_PROTOTYPES = YES;
				CLANG_WARN_SUSPICIOUS_MOVE = YES;
				CLANG_WARN_UNGUARDED_AVAILABILITY = YES_AGGRESSIVE;
				CLANG_WARN_UNREACHABLE_CODE = YES;
				CLANG_WARN__DUPLICATE_METHOD_MATCH = YES;
				COPY_PHASE_STRIP = NO;
				DEBUG_INFORMATION_FORMAT = dwarf;
				ENABLE_STRICT_OBJC_MSGSEND = YES;
				ENABLE_TESTABILITY = YES;
				GCC_C_LANGUAGE_STANDARD = gnu11;
				GCC_DYNAMIC_NO_PIC = NO;
				GCC_NO_COMMON_BLOCKS = YES;
				GCC_OPTIMIZATION_LEVEL = 0;
				GCC_PREPROCESSOR_DEFINITIONS = (
					"DEBUG=1",
					"$(inherited)",
				);
				GCC_WARN_64_TO_32_BIT_CONVERSION = YES;
				GCC_WARN_ABOUT_RETURN_TYPE = YES_ERROR;
				GCC_WARN_UNDECLARED_SELECTOR = YES;
				GCC_WARN_UNINITIALIZED_AUTOS = YES_AGGRESSIVE;
				GCC_WARN_UNUSED_FUNCTION = YES;
				GCC_WARN_UNUSED_VARIABLE = YES;
				IPHONEOS_DEPLOYMENT_TARGET = 16.0;
				MTL_ENABLE_DEBUG_INFO = INCLUDE_SOURCE;
				MTL_FAST_MATH = YES;
				ONLY_ACTIVE_ARCH = YES;
				SDKROOT = iphoneos;
				SWIFT_ACTIVE_COMPILATION_CONDITIONS = DEBUG;
				SWIFT_OPTIMIZATION_LEVEL = "-Onone";
			};
			name = Debug;
		};
		97E09A612970544D00DA0D3D /* Release */ = {
			isa = XCBuildConfiguration;
			buildSettings = {
				ALWAYS_SEARCH_USER_PATHS = NO;
				CLANG_ANALYZER_NONNULL = YES;
				CLANG_ANALYZER_NUMBER_OBJECT_CONVERSION = YES_AGGRESSIVE;
				CLANG_CXX_LANGUAGE_STANDARD = "gnu++20";
				CLANG_ENABLE_MODULES = YES;
				CLANG_ENABLE_OBJC_ARC = YES;
				CLANG_ENABLE_OBJC_WEAK = YES;
				CLANG_WARN_BLOCK_CAPTURE_AUTORELEASING = YES;
				CLANG_WARN_BOOL_CONVERSION = YES;
				CLANG_WARN_COMMA = YES;
				CLANG_WARN_CONSTANT_CONVERSION = YES;
				CLANG_WARN_DEPRECATED_OBJC_IMPLEMENTATIONS = YES;
				CLANG_WARN_DIRECT_OBJC_ISA_USAGE = YES_ERROR;
				CLANG_WARN_DOCUMENTATION_COMMENTS = YES;
				CLANG_WARN_EMPTY_BODY = YES;
				CLANG_WARN_ENUM_CONVERSION = YES;
				CLANG_WARN_INFINITE_RECURSION = YES;
				CLANG_WARN_INT_CONVERSION = YES;
				CLANG_WARN_NON_LITERAL_NULL_CONVERSION = YES;
				CLANG_WARN_OBJC_IMPLICIT_RETAIN_SELF = YES;
				CLANG_WARN_OBJC_LITERAL_CONVERSION = YES;
				CLANG_WARN_OBJC_ROOT_CLASS = YES_ERROR;
				CLANG_WARN_QUOTED_INCLUDE_IN_FRAMEWORK_HEADER = YES;
				CLANG_WARN_RANGE_LOOP_ANALYSIS = YES;
				CLANG_WARN_STRICT_PROTOTYPES = YES;
				CLANG_WARN_SUSPICIOUS_MOVE = YES;
				CLANG_WARN_UNGUARDED_AVAILABILITY = YES_AGGRESSIVE;
				CLANG_WARN_UNREACHABLE_CODE = YES;
				CLANG_WARN__DUPLICATE_METHOD_MATCH = YES;
				COPY_PHASE_STRIP = NO;
				DEBUG_INFORMATION_FORMAT = "dwarf-with-dsym";
				ENABLE_NS_ASSERTIONS = NO;
				ENABLE_STRICT_OBJC_MSGSEND = YES;
				GCC_C_LANGUAGE_STANDARD = gnu11;
				GCC_NO_COMMON_BLOCKS = YES;
				GCC_WARN_64_TO_32_BIT_CONVERSION = YES;
				GCC_WARN_ABOUT_RETURN_TYPE = YES_ERROR;
				GCC_WARN_UNDECLARED_SELECTOR = YES;
				GCC_WARN_UNINITIALIZED_AUTOS = YES_AGGRESSIVE;
				GCC_WARN_UNUSED_FUNCTION = YES;
				GCC_WARN_UNUSED_VARIABLE = YES;
				IPHONEOS_DEPLOYMENT_TARGET = 16.0;
				MTL_ENABLE_DEBUG_INFO = NO;
				MTL_FAST_MATH = YES;
				SDKROOT = iphoneos;
				SWIFT_COMPILATION_MODE = wholemodule;
				SWIFT_OPTIMIZATION_LEVEL = "-O";
				VALIDATE_PRODUCT = YES;
			};
			name = Release;
		};
		97E09A632970544D00DA0D3D /* Debug */ = {
			isa = XCBuildConfiguration;
			buildSettings = {
				ASSETCATALOG_COMPILER_APPICON_NAME = AppIcon;
				ASSETCATALOG_COMPILER_GLOBAL_ACCENT_COLOR_NAME = AccentColor;
				CLANG_ENABLE_MODULES = YES;
				CODE_SIGN_STYLE = Automatic;
				CURRENT_PROJECT_VERSION = 1;
				DEVELOPMENT_TEAM = 4R3KSTJG2D;
				GENERATE_INFOPLIST_FILE = YES;
				INFOPLIST_FILE = "Loading State/Info.plist";
				INFOPLIST_KEY_UIApplicationSupportsIndirectInputEvents = YES;
				INFOPLIST_KEY_UILaunchStoryboardName = LaunchScreen;
				INFOPLIST_KEY_UIMainStoryboardFile = Main;
				INFOPLIST_KEY_UISupportedInterfaceOrientations = "UIInterfaceOrientationLandscapeRight UIInterfaceOrientationPortrait";
				INFOPLIST_KEY_UISupportedInterfaceOrientations_iPad = "UIInterfaceOrientationLandscapeLeft UIInterfaceOrientationLandscapeRight UIInterfaceOrientationPortrait UIInterfaceOrientationPortraitUpsideDown";
				LD_RUNPATH_SEARCH_PATHS = (
					"$(inherited)",
					"@executable_path/Frameworks",
				);
				MARKETING_VERSION = 1.0;
				PRODUCT_BUNDLE_IDENTIFIER = "alexey-sorochan.Loading-State";
				PRODUCT_NAME = "$(TARGET_NAME)";
				SUPPORTED_PLATFORMS = "iphoneos iphonesimulator";
				SUPPORTS_MACCATALYST = NO;
				SUPPORTS_MAC_DESIGNED_FOR_IPHONE_IPAD = NO;
				SWIFT_EMIT_LOC_STRINGS = YES;
				SWIFT_OBJC_BRIDGING_HEADER = "Loading State/CustomSearchBar/Loading State-Bridging-Header.h";
				SWIFT_OPTIMIZATION_LEVEL = "-Onone";
				SWIFT_VERSION = 5.0;
				TARGETED_DEVICE_FAMILY = 1;
			};
			name = Debug;
		};
		97E09A642970544D00DA0D3D /* Release */ = {
			isa = XCBuildConfiguration;
			buildSettings = {
				ASSETCATALOG_COMPILER_APPICON_NAME = AppIcon;
				ASSETCATALOG_COMPILER_GLOBAL_ACCENT_COLOR_NAME = AccentColor;
				CLANG_ENABLE_MODULES = YES;
				CODE_SIGN_STYLE = Automatic;
				CURRENT_PROJECT_VERSION = 1;
				DEVELOPMENT_TEAM = 4R3KSTJG2D;
				GENERATE_INFOPLIST_FILE = YES;
				INFOPLIST_FILE = "Loading State/Info.plist";
				INFOPLIST_KEY_UIApplicationSupportsIndirectInputEvents = YES;
				INFOPLIST_KEY_UILaunchStoryboardName = LaunchScreen;
				INFOPLIST_KEY_UIMainStoryboardFile = Main;
				INFOPLIST_KEY_UISupportedInterfaceOrientations = "UIInterfaceOrientationLandscapeRight UIInterfaceOrientationPortrait";
				INFOPLIST_KEY_UISupportedInterfaceOrientations_iPad = "UIInterfaceOrientationLandscapeLeft UIInterfaceOrientationLandscapeRight UIInterfaceOrientationPortrait UIInterfaceOrientationPortraitUpsideDown";
				LD_RUNPATH_SEARCH_PATHS = (
					"$(inherited)",
					"@executable_path/Frameworks",
				);
				MARKETING_VERSION = 1.0;
				PRODUCT_BUNDLE_IDENTIFIER = "alexey-sorochan.Loading-State";
				PRODUCT_NAME = "$(TARGET_NAME)";
				SUPPORTED_PLATFORMS = "iphoneos iphonesimulator";
				SUPPORTS_MACCATALYST = NO;
				SUPPORTS_MAC_DESIGNED_FOR_IPHONE_IPAD = NO;
				SWIFT_EMIT_LOC_STRINGS = YES;
				SWIFT_OBJC_BRIDGING_HEADER = "Loading State/CustomSearchBar/Loading State-Bridging-Header.h";
				SWIFT_VERSION = 5.0;
				TARGETED_DEVICE_FAMILY = 1;
			};
			name = Release;
		};
/* End XCBuildConfiguration section */

/* Begin XCConfigurationList section */
		97E09A492970544C00DA0D3D /* Build configuration list for PBXProject "Loading State" */ = {
			isa = XCConfigurationList;
			buildConfigurations = (
				97E09A602970544D00DA0D3D /* Debug */,
				97E09A612970544D00DA0D3D /* Release */,
			);
			defaultConfigurationIsVisible = 0;
			defaultConfigurationName = Release;
		};
		97E09A622970544D00DA0D3D /* Build configuration list for PBXNativeTarget "Loading State" */ = {
			isa = XCConfigurationList;
			buildConfigurations = (
				97E09A632970544D00DA0D3D /* Debug */,
				97E09A642970544D00DA0D3D /* Release */,
			);
			defaultConfigurationIsVisible = 0;
			defaultConfigurationName = Release;
		};
/* End XCConfigurationList section */

/* Begin XCRemoteSwiftPackageReference section */
		97E09A652970563100DA0D3D /* XCRemoteSwiftPackageReference "realm-swift" */ = {
			isa = XCRemoteSwiftPackageReference;
			repositoryURL = "https://github.com/realm/realm-swift";
			requirement = {
				kind = upToNextMinorVersion;
				minimumVersion = 10.33.0;
			};
		};
/* End XCRemoteSwiftPackageReference section */

/* Begin XCSwiftPackageProductDependency section */
		97E09A662970563100DA0D3D /* Realm */ = {
			isa = XCSwiftPackageProductDependency;
			package = 97E09A652970563100DA0D3D /* XCRemoteSwiftPackageReference "realm-swift" */;
			productName = Realm;
		};
		97E09A682970563100DA0D3D /* RealmSwift */ = {
			isa = XCSwiftPackageProductDependency;
			package = 97E09A652970563100DA0D3D /* XCRemoteSwiftPackageReference "realm-swift" */;
			productName = RealmSwift;
		};
/* End XCSwiftPackageProductDependency section */
	};
	rootObject = 97E09A462970544C00DA0D3D /* Project object */;
}
